
Microsoft Visual Studio Solution File, Format Version 12.00
# Visual Studio Version 17
VisualStudioVersion = 17.14.36915.13 d17.14
MinimumVisualStudioVersion = 10.0.40219.1
Project("{FAE04EC0-301F-11D3-BF4B-00C04F79EFBC}") = "Booki", "Booki\Booki.csproj", "{8B2029D6-C34B-4505-9629-5F39B164C763}"
EndProject
Global
	GlobalSection(SolutionConfigurationPlatforms) = preSolution
		Debug|Any CPU = Debug|Any CPU
		Release|Any CPU = Release|Any CPU
	EndGlobalSection
	GlobalSection(ProjectConfigurationPlatforms) = postSolution
		{8B2029D6-C34B-4505-9629-5F39B164C763}.Debug|Any CPU.ActiveCfg = Debug|Any CPU
		{8B2029D6-C34B-4505-9629-5F39B164C763}.Debug|Any CPU.Build.0 = Debug|Any CPU
		{8B2029D6-C34B-4505-9629-5F39B164C763}.Release|Any CPU.ActiveCfg = Release|Any CPU
		{8B2029D6-C34B-4505-9629-5F39B164C763}.Release|Any CPU.Build.0 = Release|Any CPU
	EndGlobalSection
	GlobalSection(SolutionProperties) = preSolution
		HideSolutionNode = FALSE
	EndGlobalSection
	GlobalSection(ExtensibilityGlobals) = postSolution
		SolutionGuid = {B9EB4DDC-E824-4F7B-8668-0AA95D051C4C}
	EndGlobalSection
EndGlobal
